download_time_series:
  cmd: python repro/downloads/time_series/download_time_series_dataset.py
  deps:
  - path: repro/downloads/time_series/download_time_series_dataset.py
    md5: fdbf8c7e447ab38fa40aa7ff3d428668
  outs:
  - path: data/ts/
    md5: f9e886d2692c5611a3839fe3dab9d187.dir
generate_toy_cloud_removal_dataset:
  cmd: source repro/toy-data/cloud_removal/generate_toy_cloud_removal_dataset.sh
  deps:
  - path: data/ts/Multivariate_ts/FingerMovements/FingerMovements_TRAIN.ts
    md5: 9c29ef8253b497514007599cfe5b5439
  - path: data/ts/Multivariate_ts/Handwriting/Handwriting_TEST.ts
    md5: 230cbc221d42c491c85f9979d62d4494
  - path: run_toy_derivation.py
    md5: 1c3307599ca94fac14b0ad524c916de4
  - path: run_toy_generation.py
    md5: 8dd3396665e10436b01bd8fb93ac053e
  - path: src/toygeneration/config/cloud_removal/optical/derivation_clean_optical.yaml
    md5: 950832082caa1e5bac97693923e4c0f5
  - path: src/toygeneration/config/cloud_removal/optical/derivation_clouded_optical.yaml
    md5: f7a610bf3a7cbaecc4ff2b957f2d9e25
  - path: src/toygeneration/config/cloud_removal/optical/generation_latent_optical.yaml
    md5: d0d71476fea572ebb1a8baa80eb5e2f4
  - path: src/toygeneration/config/cloud_removal/sar/derivation_sar.yaml
    md5: 005aecd925a346d4c145428bbc826699
  - path: src/toygeneration/config/cloud_removal/sar/generation_latent_sar.yaml
    md5: 43f3eadb9977890d34ff5d41826d554e
  outs:
  - path: data/toy/cloud_removal/
    md5: 74a82747be0d56e9501714fcee4bbc5c.dir
train_cgan_toy_cloud_removal:
  cmd: python run_training.py --cfg=src/rsgan/config/cloud_removal/cgan_toy.yaml --o=data/experiments_outputs/cgan_toy_cloud_removal
    --device=0 --experiment_name=dvc_run
  deps:
  - path: data/toy/cloud_removal
    md5: 74a82747be0d56e9501714fcee4bbc5c.dir
  - path: src/rsgan/config/cloud_removal/cgan_toy.yaml
    md5: 981edbd1c83fcf8daad21e4e330f3588
  - path: src/rsgan/experiments/cloud_removal/cgan_toy_cloud_removal.py
    md5: 2b4fef5b02548fe46bdc75e0f19cb285
  outs:
  - path: data/experiments_outputs/cgan_toy_cloud_removal/dvc_run/run/
    md5: b18501b08be0161cb7086bcbacffa6ca.dir
test_cgan_toy_cloud_removal:
  cmd: python make_baseline_classifier.py --cfg=src/rsgan/config/cloud_removal/cgan_toy.yaml
    --o=data/experiments_outputs/cgan_toy_cloud_removal/dvc_run/eval/baseline_classifier/classifier.pickle
    && python run_testing.py --cfg=src/rsgan/config/cloud_removal/cgan_toy.yaml --o=data/experiments_outputs/cgan_toy_cloud_removal
    --device=0
  deps:
  - path: data/experiments_outputs/cgan_toy_cloud_removal/dvc_run/run/
    md5: b18501b08be0161cb7086bcbacffa6ca.dir
  - path: data/toy/cloud_removal
    md5: 74a82747be0d56e9501714fcee4bbc5c.dir
  - path: src/rsgan/config/cloud_removal/cgan_toy.yaml
    md5: 056ecfee62ffc4da5e0051dbe86a3a69
  - path: src/rsgan/experiments/cloud_removal/cgan_toy_cloud_removal.py
    md5: 2b4fef5b02548fe46bdc75e0f19cb285
  outs:
  - path: data/experiments_outputs/cgan_toy_cloud_removal/dvc_run/eval/
    md5: e9d94f53b69dea78501837ba1d55f170.dir
train_cgan_frame_recurrent_toy_cloud_removal:
  cmd: python run_training.py --cfg=src/rsgan/config/cloud_removal/cgan_frame_recurrent_toy.yaml
    --o=data/experiments_outputs/cgan_frame_recurrent_toy_cloud_removal --device=0
    --experiment_name=dvc_run
  deps:
  - path: data/toy/cloud_removal
    md5: 74a82747be0d56e9501714fcee4bbc5c.dir
  - path: src/rsgan/config/cloud_removal/cgan_frame_recurrent_toy.yaml
    md5: 808561fab34a1b5d65308998806f46cc
  - path: src/rsgan/experiments/cloud_removal/cgan_frame_recurrent_toy_cloud_removal.py
    md5: 7f192c4f34b20fb63ca4262101425560
  outs:
  - path: data/experiments_outputs/cgan_frame_recurrent_toy_cloud_removal/dvc_run/run/
    md5: 253539d02d506df585ba04b42e76ec8f.dir
test_cgan_frame_recurrent_toy_cloud_removal:
  cmd: python make_baseline_classifier.py --cfg=src/rsgan/config/cloud_removal/cgan_frame_recurrent_toy.yaml
    --o=data/experiments_outputs/cgan_frame_recurrent_toy_cloud_removal/dvc_run/eval//baseline_classifier/classifier.pickle
    && python run_testing.py --cfg=src/rsgan/config/cloud_removal/cgan_frame_recurrent_toy.yaml
    --o=data/experiments_outputs/cgan_frame_recurrent_toy_cloud_removal --device=0
  deps:
  - path: data/toy/cloud_removal
    md5: 74a82747be0d56e9501714fcee4bbc5c.dir
  - path: src/rsgan/config/cloud_removal/cgan_frame_recurrent_toy.yaml
    md5: fac50ec3a631bc3b4a32bf5a71e03ea4
  - path: src/rsgan/experiments/cloud_removal/cgan_frame_recurrent_toy_cloud_removal.py
    md5: 7f192c4f34b20fb63ca4262101425560
  outs:
  - path: data/experiments_outputs/cgan_frame_recurrent_toy_cloud_removal/dvc_run/eval/
    md5: 8c646de438f7557c768b94274e9fdb7e.dir
stack_bands_and_reproject_modis:
  cmd: python src/notsotoygeneration/preprocessing/stack_and_reproject_modis.py --root=/data/raw_data/modis/mcd43a4_aws/
    --o=data/not-so-toy/reprojected/modis --scenes=src/notsotoygeneration/config/scenes/modis.yaml
  deps:
  - path: /data/raw_data/modis/mcd43a4_aws/
    md5: 65fba22fd811586e690203484b9cbd10.dir
  - path: src/notsotoygeneration/config/scenes/modis.yaml
    md5: 9365d42926ffa93b7ded74939308e0de
  - path: src/notsotoygeneration/preprocessing/stack_and_reproject_modis.py
    md5: 3b006f11332b4198cb6d1f9417b7e91c
  outs:
  - path: data/not-so-toy/reprojected/modis
    md5: e3222c2e7142bde8dbbe3a90fce7074d.dir
stack_bands_and_reproject_s1:
  cmd: python src/notsotoygeneration/preprocessing/stack_and_reproject_s1.py --root=/data/raw_data/s1_aws/france_farm/clipped_tif_2018/
    --o=data/not-so-toy/reprojected/s1 --scenes=src/notsotoygeneration/config/scenes/s1.yaml
  deps:
  - path: /data/raw_data/s1_aws/france_farm/clipped_tif_2018/
    md5: f84ec073ef4ba214cbba32a5e7422e7b.dir
  - path: src/notsotoygeneration/config/scenes/s1.yaml
    md5: 78928c9927ac26597115cd0fc90f08ba
  - path: src/notsotoygeneration/preprocessing/stack_and_reproject_s1.py
    md5: 4692e0ff8f90bd4f8f1bef60ba77ab53
  outs:
  - path: data/not-so-toy/reprojected/s1
    md5: 396013796af812e93a4861eca10327d9.dir
stack_bands_and_reproject_s2:
  cmd: python src/notsotoygeneration/preprocessing/stack_and_reproject_s2.py --root=/data/raw_data/s2_aws/downloaded
    --o=data/not-so-toy/reprojected/s2 --scenes=src/notsotoygeneration/config/scenes/s2.yaml
  deps:
  - path: /data/raw_data/s2_aws/downloaded/31UEQ
    md5: eebe1f16380b9faaf5df3dd7860b7d5c.dir
  - path: /data/raw_data/s2_aws/downloaded/31UFQ
    md5: 420a576c36643994f3f0eb63f206d777.dir
  - path: src/notsotoygeneration/config/scenes/s2.yaml
    md5: 5faa22fc20577ec200e034b22003119b
  - path: src/notsotoygeneration/preprocessing/stack_and_reproject_s2.py
    md5: 9303e58369046933f5d72dfb691b2790
  outs:
  - path: data/not-so-toy/reprojected/s2
    md5: 2e628cea3f94c3e7f98414da005b241b.dir
stack_bands_and_reproject_landsat:
  cmd: python src/notsotoygeneration/preprocessing/stack_and_reproject/stack_and_reproject_landsat.py
    --root=/data/raw_data/landsat/landsat-8/france/ --o=data/not-so-toy/reprojected/landsat
    --scenes=src/notsotoygeneration/config/scenes/landsat.yaml
  deps:
  - path: /data/raw_data/landsat/landsat-8/france/
    md5: cebee2877eebceac12b716d685b4e687.dir
  - path: src/notsotoygeneration/config/scenes/landsat.yaml
    md5: b316e93cc000d8e7c77221ce9aefa923
  - path: src/notsotoygeneration/preprocessing/stack_and_reproject/stack_and_reproject_landsat.py
    md5: 39945f80c1bc76dc4451080fe2c4d0c0
  outs:
  - path: data/not-so-toy/reprojected/landsat
    md5: bc8914d6f936e7e7a8ff82c8edb646b9.dir
